
Microsoft Visual Studio Solution File, Format Version 12.00
# Visual Studio Version 16
VisualStudioVersion = 16.0.29025.244
MinimumVisualStudioVersion = 10.0.40219.1
Project("{FAE04EC0-301F-11D3-BF4B-00C04F79EFBC}") = "CodeKataBase", "CodeKataBase\CodeKataBase.csproj", "{7B4F6864-4137-4CC9-9ADF-576678A7DDD6}"
EndProject
Project("{FAE04EC0-301F-11D3-BF4B-00C04F79EFBC}") = "UnitTests", "UnitTests\UnitTests.csproj", "{BBA4ACAE-F180-4061-A01B-11D8457A15A7}"
EndProject
Global
	GlobalSection(SolutionConfigurationPlatforms) = preSolution
		Debug|Any CPU = Debug|Any CPU
		Release|Any CPU = Release|Any CPU
	EndGlobalSection
	GlobalSection(ProjectConfigurationPlatforms) = postSolution
		{7B4F6864-4137-4CC9-9ADF-576678A7DDD6}.Debug|Any CPU.ActiveCfg = Debug|Any CPU
		{7B4F6864-4137-4CC9-9ADF-576678A7DDD6}.Debug|Any CPU.Build.0 = Debug|Any CPU
		{7B4F6864-4137-4CC9-9ADF-576678A7DDD6}.Release|Any CPU.ActiveCfg = Release|Any CPU
		{7B4F6864-4137-4CC9-9ADF-576678A7DDD6}.Release|Any CPU.Build.0 = Release|Any CPU
		{BBA4ACAE-F180-4061-A01B-11D8457A15A7}.Debug|Any CPU.ActiveCfg = Debug|Any CPU
		{BBA4ACAE-F180-4061-A01B-11D8457A15A7}.Debug|Any CPU.Build.0 = Debug|Any CPU
		{BBA4ACAE-F180-4061-A01B-11D8457A15A7}.Release|Any CPU.ActiveCfg = Release|Any CPU
		{BBA4ACAE-F180-4061-A01B-11D8457A15A7}.Release|Any CPU.Build.0 = Release|Any CPU
	EndGlobalSection
	GlobalSection(SolutionProperties) = preSolution
		HideSolutionNode = FALSE
	EndGlobalSection
	GlobalSection(ExtensibilityGlobals) = postSolution
		SolutionGuid = {3083DE2C-49D5-443E-B995-A0237A0D1E15}
	EndGlobalSection
EndGlobal
